
Microsoft Visual Studio Solution File, Format Version 12.00
# Visual Studio 14
VisualStudioVersion = 14.0.23107.0
MinimumVisualStudioVersion = 10.0.40219.1
Project("{8BC9CEB8-8B4A-11D0-8D11-00A0C91BC942}") = "CommonLib", "CommonLib\CommonLib.vcxproj", "{9845A384-2609-4BEF-8DFD-BD63353A046E}"
EndProject
Project("{8BC9CEB8-8B4A-11D0-8D11-00A0C91BC942}") = "SyntaxTreeLib", "SyntaxTreeLib\SyntaxTreeLib.vcxproj", "{6E560029-AE47-406B-8828-B6737123D5A9}"
	ProjectSection(ProjectDependencies) = postProject
		{9845A384-2609-4BEF-8DFD-BD63353A046E} = {9845A384-2609-4BEF-8DFD-BD63353A046E}
	EndProjectSection
EndProject
Project("{8BC9CEB8-8B4A-11D0-8D11-00A0C91BC942}") = "UnitTest", "UnitTest\UnitTest.vcxproj", "{8178EB40-7FAE-463A-8E20-87EB7627271F}"
	ProjectSection(ProjectDependencies) = postProject
		{6E560029-AE47-406B-8828-B6737123D5A9} = {6E560029-AE47-406B-8828-B6737123D5A9}
		{9845A384-2609-4BEF-8DFD-BD63353A046E} = {9845A384-2609-4BEF-8DFD-BD63353A046E}
	EndProjectSection
EndProject
Project("{8BC9CEB8-8B4A-11D0-8D11-00A0C91BC942}") = "TestApp", "TestApp\TestApp.vcxproj", "{7A1EFD39-8DAE-4255-A7ED-A524DD528D9C}"
EndProject
Project("{8BC9CEB8-8B4A-11D0-8D11-00A0C91BC942}") = "FA", "FA\FA.vcxproj", "{D7BC63AF-C89F-473C-AE15-FBF16E8DBB5B}"
EndProject
Project("{8BC9CEB8-8B4A-11D0-8D11-00A0C91BC942}") = "Grammar", "Grammar\Grammar.vcxproj", "{1AC8C95B-C925-442E-8BAD-04CC0D98A7F9}"
EndProject
Project("{8BC9CEB8-8B4A-11D0-8D11-00A0C91BC942}") = "RegexGrammar", "RegexGrammar\RegexGrammar.vcxproj", "{42A40911-9335-468A-98A8-F6BC646DEB16}"
EndProject
Project("{8BC9CEB8-8B4A-11D0-8D11-00A0C91BC942}") = "RegexLexer", "RegexLexer\RegexLexer.vcxproj", "{0ECB6444-81E5-4E2E-A049-A38BF47DFF3F}"
EndProject
Project("{8BC9CEB8-8B4A-11D0-8D11-00A0C91BC942}") = "WinLib", "..\WinLib\WinLib.vcxproj", "{5312ADCF-942C-41E8-9938-89045946705C}"
EndProject
Project("{8BC9CEB8-8B4A-11D0-8D11-00A0C91BC942}") = "ComLib", "..\ComLib\ComLib.vcxproj", "{33B0980E-FF26-4BFA-A3D7-EEE65FB01C90}"
EndProject
Project("{8BC9CEB8-8B4A-11D0-8D11-00A0C91BC942}") = "Direct2DLib", "..\Direct2DLib\Direct2DLib.vcxproj", "{CF01FA1B-2F8F-41B8-8DFA-CC33F42D44B6}"
EndProject
Project("{8BC9CEB8-8B4A-11D0-8D11-00A0C91BC942}") = "VisualGraph", "VisualGraph\VisualGraph.vcxproj", "{003A4369-C28C-41BB-B756-D8105DCF8872}"
EndProject
Project("{8BC9CEB8-8B4A-11D0-8D11-00A0C91BC942}") = "LL1ParserLib", "LL1ParserLib\LL1ParserLib.vcxproj", "{1A75EACE-4D88-4FAB-98CD-B5C6C718580A}"
EndProject
Project("{8BC9CEB8-8B4A-11D0-8D11-00A0C91BC942}") = "SLRParserLib", "SLRParserLib\SLRParserLib.vcxproj", "{6B6DAF78-FF4B-4664-8283-0484724432D7}"
EndProject
Project("{8BC9CEB8-8B4A-11D0-8D11-00A0C91BC942}") = "ParserLib", "ParserLib\ParserLib.vcxproj", "{FE31771F-7740-4625-B0DE-3242E8F5F3C5}"
EndProject
Project("{8BC9CEB8-8B4A-11D0-8D11-00A0C91BC942}") = "LL1RegexParser", "LL1RegexParser\LL1RegexParser.vcxproj", "{07AAB2FA-3BA0-4E15-8CC9-FA4CA50D6104}"
EndProject
Project("{8BC9CEB8-8B4A-11D0-8D11-00A0C91BC942}") = "SLRRegexParser", "SLRRegexParser\SLRRegexParser.vcxproj", "{22BDB237-6DF8-44E9-96DC-D0E0D4B668A6}"
EndProject
Project("{8BC9CEB8-8B4A-11D0-8D11-00A0C91BC942}") = "RegexSyntaxTreeLib", "RegexSyntaxTreeLib\RegexSyntaxTreeLib.vcxproj", "{88264CFB-9540-4158-A9C1-BC95768101ED}"
EndProject
Global
	GlobalSection(SolutionConfigurationPlatforms) = preSolution
		Debug|Mixed Platforms = Debug|Mixed Platforms
		Debug|Win32 = Debug|Win32
		Debug|x64 = Debug|x64
		Release|Mixed Platforms = Release|Mixed Platforms
		Release|Win32 = Release|Win32
		Release|x64 = Release|x64
	EndGlobalSection
	GlobalSection(ProjectConfigurationPlatforms) = postSolution
		{9845A384-2609-4BEF-8DFD-BD63353A046E}.Debug|Mixed Platforms.ActiveCfg = Debug|Win32
		{9845A384-2609-4BEF-8DFD-BD63353A046E}.Debug|Mixed Platforms.Build.0 = Debug|Win32
		{9845A384-2609-4BEF-8DFD-BD63353A046E}.Debug|Win32.ActiveCfg = Debug|Win32
		{9845A384-2609-4BEF-8DFD-BD63353A046E}.Debug|Win32.Build.0 = Debug|Win32
		{9845A384-2609-4BEF-8DFD-BD63353A046E}.Debug|x64.ActiveCfg = Debug|x64
		{9845A384-2609-4BEF-8DFD-BD63353A046E}.Debug|x64.Build.0 = Debug|x64
		{9845A384-2609-4BEF-8DFD-BD63353A046E}.Release|Mixed Platforms.ActiveCfg = Release|Win32
		{9845A384-2609-4BEF-8DFD-BD63353A046E}.Release|Mixed Platforms.Build.0 = Release|Win32
		{9845A384-2609-4BEF-8DFD-BD63353A046E}.Release|Win32.ActiveCfg = Release|Win32
		{9845A384-2609-4BEF-8DFD-BD63353A046E}.Release|Win32.Build.0 = Release|Win32
		{9845A384-2609-4BEF-8DFD-BD63353A046E}.Release|x64.ActiveCfg = Release|x64
		{9845A384-2609-4BEF-8DFD-BD63353A046E}.Release|x64.Build.0 = Release|x64
		{6E560029-AE47-406B-8828-B6737123D5A9}.Debug|Mixed Platforms.ActiveCfg = Debug|Win32
		{6E560029-AE47-406B-8828-B6737123D5A9}.Debug|Mixed Platforms.Build.0 = Debug|Win32
		{6E560029-AE47-406B-8828-B6737123D5A9}.Debug|Win32.ActiveCfg = Debug|Win32
		{6E560029-AE47-406B-8828-B6737123D5A9}.Debug|Win32.Build.0 = Debug|Win32
		{6E560029-AE47-406B-8828-B6737123D5A9}.Debug|x64.ActiveCfg = Debug|x64
		{6E560029-AE47-406B-8828-B6737123D5A9}.Debug|x64.Build.0 = Debug|x64
		{6E560029-AE47-406B-8828-B6737123D5A9}.Release|Mixed Platforms.ActiveCfg = Release|Win32
		{6E560029-AE47-406B-8828-B6737123D5A9}.Release|Mixed Platforms.Build.0 = Release|Win32
		{6E560029-AE47-406B-8828-B6737123D5A9}.Release|Win32.ActiveCfg = Release|Win32
		{6E560029-AE47-406B-8828-B6737123D5A9}.Release|Win32.Build.0 = Release|Win32
		{6E560029-AE47-406B-8828-B6737123D5A9}.Release|x64.ActiveCfg = Release|x64
		{6E560029-AE47-406B-8828-B6737123D5A9}.Release|x64.Build.0 = Release|x64
		{8178EB40-7FAE-463A-8E20-87EB7627271F}.Debug|Mixed Platforms.ActiveCfg = Debug|Win32
		{8178EB40-7FAE-463A-8E20-87EB7627271F}.Debug|Mixed Platforms.Build.0 = Debug|Win32
		{8178EB40-7FAE-463A-8E20-87EB7627271F}.Debug|Win32.ActiveCfg = Debug|Win32
		{8178EB40-7FAE-463A-8E20-87EB7627271F}.Debug|Win32.Build.0 = Debug|Win32
		{8178EB40-7FAE-463A-8E20-87EB7627271F}.Debug|x64.ActiveCfg = Debug|x64
		{8178EB40-7FAE-463A-8E20-87EB7627271F}.Debug|x64.Build.0 = Debug|x64
		{8178EB40-7FAE-463A-8E20-87EB7627271F}.Release|Mixed Platforms.ActiveCfg = Release|Win32
		{8178EB40-7FAE-463A-8E20-87EB7627271F}.Release|Mixed Platforms.Build.0 = Release|Win32
		{8178EB40-7FAE-463A-8E20-87EB7627271F}.Release|Win32.ActiveCfg = Release|Win32
		{8178EB40-7FAE-463A-8E20-87EB7627271F}.Release|Win32.Build.0 = Release|Win32
		{8178EB40-7FAE-463A-8E20-87EB7627271F}.Release|x64.ActiveCfg = Release|x64
		{8178EB40-7FAE-463A-8E20-87EB7627271F}.Release|x64.Build.0 = Release|x64
		{7A1EFD39-8DAE-4255-A7ED-A524DD528D9C}.Debug|Mixed Platforms.ActiveCfg = Debug|Win32
		{7A1EFD39-8DAE-4255-A7ED-A524DD528D9C}.Debug|Mixed Platforms.Build.0 = Debug|Win32
		{7A1EFD39-8DAE-4255-A7ED-A524DD528D9C}.Debug|Win32.ActiveCfg = Debug|Win32
		{7A1EFD39-8DAE-4255-A7ED-A524DD528D9C}.Debug|Win32.Build.0 = Debug|Win32
		{7A1EFD39-8DAE-4255-A7ED-A524DD528D9C}.Debug|x64.ActiveCfg = Debug|x64
		{7A1EFD39-8DAE-4255-A7ED-A524DD528D9C}.Debug|x64.Build.0 = Debug|x64
		{7A1EFD39-8DAE-4255-A7ED-A524DD528D9C}.Release|Mixed Platforms.ActiveCfg = Release|Win32
		{7A1EFD39-8DAE-4255-A7ED-A524DD528D9C}.Release|Mixed Platforms.Build.0 = Release|Win32
		{7A1EFD39-8DAE-4255-A7ED-A524DD528D9C}.Release|Win32.ActiveCfg = Release|Win32
		{7A1EFD39-8DAE-4255-A7ED-A524DD528D9C}.Release|Win32.Build.0 = Release|Win32
		{7A1EFD39-8DAE-4255-A7ED-A524DD528D9C}.Release|x64.ActiveCfg = Release|x64
		{7A1EFD39-8DAE-4255-A7ED-A524DD528D9C}.Release|x64.Build.0 = Release|x64
		{D7BC63AF-C89F-473C-AE15-FBF16E8DBB5B}.Debug|Mixed Platforms.ActiveCfg = Debug|Win32
		{D7BC63AF-C89F-473C-AE15-FBF16E8DBB5B}.Debug|Mixed Platforms.Build.0 = Debug|Win32
		{D7BC63AF-C89F-473C-AE15-FBF16E8DBB5B}.Debug|Win32.ActiveCfg = Debug|Win32
		{D7BC63AF-C89F-473C-AE15-FBF16E8DBB5B}.Debug|Win32.Build.0 = Debug|Win32
		{D7BC63AF-C89F-473C-AE15-FBF16E8DBB5B}.Debug|x64.ActiveCfg = Debug|x64
		{D7BC63AF-C89F-473C-AE15-FBF16E8DBB5B}.Debug|x64.Build.0 = Debug|x64
		{D7BC63AF-C89F-473C-AE15-FBF16E8DBB5B}.Release|Mixed Platforms.ActiveCfg = Release|Win32
		{D7BC63AF-C89F-473C-AE15-FBF16E8DBB5B}.Release|Mixed Platforms.Build.0 = Release|Win32
		{D7BC63AF-C89F-473C-AE15-FBF16E8DBB5B}.Release|Win32.ActiveCfg = Release|Win32
		{D7BC63AF-C89F-473C-AE15-FBF16E8DBB5B}.Release|Win32.Build.0 = Release|Win32
		{D7BC63AF-C89F-473C-AE15-FBF16E8DBB5B}.Release|x64.ActiveCfg = Release|x64
		{D7BC63AF-C89F-473C-AE15-FBF16E8DBB5B}.Release|x64.Build.0 = Release|x64
		{1AC8C95B-C925-442E-8BAD-04CC0D98A7F9}.Debug|Mixed Platforms.ActiveCfg = Debug|Win32
		{1AC8C95B-C925-442E-8BAD-04CC0D98A7F9}.Debug|Mixed Platforms.Build.0 = Debug|Win32
		{1AC8C95B-C925-442E-8BAD-04CC0D98A7F9}.Debug|Win32.ActiveCfg = Debug|Win32
		{1AC8C95B-C925-442E-8BAD-04CC0D98A7F9}.Debug|Win32.Build.0 = Debug|Win32
		{1AC8C95B-C925-442E-8BAD-04CC0D98A7F9}.Debug|x64.ActiveCfg = Debug|x64
		{1AC8C95B-C925-442E-8BAD-04CC0D98A7F9}.Debug|x64.Build.0 = Debug|x64
		{1AC8C95B-C925-442E-8BAD-04CC0D98A7F9}.Release|Mixed Platforms.ActiveCfg = Release|Win32
		{1AC8C95B-C925-442E-8BAD-04CC0D98A7F9}.Release|Mixed Platforms.Build.0 = Release|Win32
		{1AC8C95B-C925-442E-8BAD-04CC0D98A7F9}.Release|Win32.ActiveCfg = Release|Win32
		{1AC8C95B-C925-442E-8BAD-04CC0D98A7F9}.Release|Win32.Build.0 = Release|Win32
		{1AC8C95B-C925-442E-8BAD-04CC0D98A7F9}.Release|x64.ActiveCfg = Release|x64
		{1AC8C95B-C925-442E-8BAD-04CC0D98A7F9}.Release|x64.Build.0 = Release|x64
		{42A40911-9335-468A-98A8-F6BC646DEB16}.Debug|Mixed Platforms.ActiveCfg = Debug|Win32
		{42A40911-9335-468A-98A8-F6BC646DEB16}.Debug|Mixed Platforms.Build.0 = Debug|Win32
		{42A40911-9335-468A-98A8-F6BC646DEB16}.Debug|Win32.ActiveCfg = Debug|Win32
		{42A40911-9335-468A-98A8-F6BC646DEB16}.Debug|Win32.Build.0 = Debug|Win32
		{42A40911-9335-468A-98A8-F6BC646DEB16}.Debug|x64.ActiveCfg = Debug|x64
		{42A40911-9335-468A-98A8-F6BC646DEB16}.Debug|x64.Build.0 = Debug|x64
		{42A40911-9335-468A-98A8-F6BC646DEB16}.Release|Mixed Platforms.ActiveCfg = Release|Win32
		{42A40911-9335-468A-98A8-F6BC646DEB16}.Release|Mixed Platforms.Build.0 = Release|Win32
		{42A40911-9335-468A-98A8-F6BC646DEB16}.Release|Win32.ActiveCfg = Release|Win32
		{42A40911-9335-468A-98A8-F6BC646DEB16}.Release|Win32.Build.0 = Release|Win32
		{42A40911-9335-468A-98A8-F6BC646DEB16}.Release|x64.ActiveCfg = Release|x64
		{42A40911-9335-468A-98A8-F6BC646DEB16}.Release|x64.Build.0 = Release|x64
		{0ECB6444-81E5-4E2E-A049-A38BF47DFF3F}.Debug|Mixed Platforms.ActiveCfg = Debug|Win32
		{0ECB6444-81E5-4E2E-A049-A38BF47DFF3F}.Debug|Mixed Platforms.Build.0 = Debug|Win32
		{0ECB6444-81E5-4E2E-A049-A38BF47DFF3F}.Debug|Win32.ActiveCfg = Debug|Win32
		{0ECB6444-81E5-4E2E-A049-A38BF47DFF3F}.Debug|Win32.Build.0 = Debug|Win32
		{0ECB6444-81E5-4E2E-A049-A38BF47DFF3F}.Debug|x64.ActiveCfg = Debug|x64
		{0ECB6444-81E5-4E2E-A049-A38BF47DFF3F}.Debug|x64.Build.0 = Debug|x64
		{0ECB6444-81E5-4E2E-A049-A38BF47DFF3F}.Release|Mixed Platforms.ActiveCfg = Release|Win32
		{0ECB6444-81E5-4E2E-A049-A38BF47DFF3F}.Release|Mixed Platforms.Build.0 = Release|Win32
		{0ECB6444-81E5-4E2E-A049-A38BF47DFF3F}.Release|Win32.ActiveCfg = Release|Win32
		{0ECB6444-81E5-4E2E-A049-A38BF47DFF3F}.Release|Win32.Build.0 = Release|Win32
		{0ECB6444-81E5-4E2E-A049-A38BF47DFF3F}.Release|x64.ActiveCfg = Release|x64
		{0ECB6444-81E5-4E2E-A049-A38BF47DFF3F}.Release|x64.Build.0 = Release|x64
		{5312ADCF-942C-41E8-9938-89045946705C}.Debug|Mixed Platforms.ActiveCfg = Debug|Win32
		{5312ADCF-942C-41E8-9938-89045946705C}.Debug|Mixed Platforms.Build.0 = Debug|Win32
		{5312ADCF-942C-41E8-9938-89045946705C}.Debug|Win32.ActiveCfg = Debug|Win32
		{5312ADCF-942C-41E8-9938-89045946705C}.Debug|Win32.Build.0 = Debug|Win32
		{5312ADCF-942C-41E8-9938-89045946705C}.Debug|x64.ActiveCfg = Debug|x64
		{5312ADCF-942C-41E8-9938-89045946705C}.Debug|x64.Build.0 = Debug|x64
		{5312ADCF-942C-41E8-9938-89045946705C}.Release|Mixed Platforms.ActiveCfg = Release|Win32
		{5312ADCF-942C-41E8-9938-89045946705C}.Release|Mixed Platforms.Build.0 = Release|Win32
		{5312ADCF-942C-41E8-9938-89045946705C}.Release|Win32.ActiveCfg = Release|Win32
		{5312ADCF-942C-41E8-9938-89045946705C}.Release|Win32.Build.0 = Release|Win32
		{5312ADCF-942C-41E8-9938-89045946705C}.Release|x64.ActiveCfg = Release|x64
		{5312ADCF-942C-41E8-9938-89045946705C}.Release|x64.Build.0 = Release|x64
		{33B0980E-FF26-4BFA-A3D7-EEE65FB01C90}.Debug|Mixed Platforms.ActiveCfg = Debug|Win32
		{33B0980E-FF26-4BFA-A3D7-EEE65FB01C90}.Debug|Mixed Platforms.Build.0 = Debug|Win32
		{33B0980E-FF26-4BFA-A3D7-EEE65FB01C90}.Debug|Win32.ActiveCfg = Debug|Win32
		{33B0980E-FF26-4BFA-A3D7-EEE65FB01C90}.Debug|Win32.Build.0 = Debug|Win32
		{33B0980E-FF26-4BFA-A3D7-EEE65FB01C90}.Debug|x64.ActiveCfg = Debug|x64
		{33B0980E-FF26-4BFA-A3D7-EEE65FB01C90}.Debug|x64.Build.0 = Debug|x64
		{33B0980E-FF26-4BFA-A3D7-EEE65FB01C90}.Release|Mixed Platforms.ActiveCfg = Release|Win32
		{33B0980E-FF26-4BFA-A3D7-EEE65FB01C90}.Release|Mixed Platforms.Build.0 = Release|Win32
		{33B0980E-FF26-4BFA-A3D7-EEE65FB01C90}.Release|Win32.ActiveCfg = Release|Win32
		{33B0980E-FF26-4BFA-A3D7-EEE65FB01C90}.Release|Win32.Build.0 = Release|Win32
		{33B0980E-FF26-4BFA-A3D7-EEE65FB01C90}.Release|x64.ActiveCfg = Release|x64
		{33B0980E-FF26-4BFA-A3D7-EEE65FB01C90}.Release|x64.Build.0 = Release|x64
		{CF01FA1B-2F8F-41B8-8DFA-CC33F42D44B6}.Debug|Mixed Platforms.ActiveCfg = Debug|Win32
		{CF01FA1B-2F8F-41B8-8DFA-CC33F42D44B6}.Debug|Mixed Platforms.Build.0 = Debug|Win32
		{CF01FA1B-2F8F-41B8-8DFA-CC33F42D44B6}.Debug|Win32.ActiveCfg = Debug|Win32
		{CF01FA1B-2F8F-41B8-8DFA-CC33F42D44B6}.Debug|Win32.Build.0 = Debug|Win32
		{CF01FA1B-2F8F-41B8-8DFA-CC33F42D44B6}.Debug|x64.ActiveCfg = Debug|x64
		{CF01FA1B-2F8F-41B8-8DFA-CC33F42D44B6}.Debug|x64.Build.0 = Debug|x64
		{CF01FA1B-2F8F-41B8-8DFA-CC33F42D44B6}.Release|Mixed Platforms.ActiveCfg = Release|Win32
		{CF01FA1B-2F8F-41B8-8DFA-CC33F42D44B6}.Release|Mixed Platforms.Build.0 = Release|Win32
		{CF01FA1B-2F8F-41B8-8DFA-CC33F42D44B6}.Release|Win32.ActiveCfg = Release|Win32
		{CF01FA1B-2F8F-41B8-8DFA-CC33F42D44B6}.Release|Win32.Build.0 = Release|Win32
		{CF01FA1B-2F8F-41B8-8DFA-CC33F42D44B6}.Release|x64.ActiveCfg = Release|x64
		{CF01FA1B-2F8F-41B8-8DFA-CC33F42D44B6}.Release|x64.Build.0 = Release|x64
		{003A4369-C28C-41BB-B756-D8105DCF8872}.Debug|Mixed Platforms.ActiveCfg = Debug|Win32
		{003A4369-C28C-41BB-B756-D8105DCF8872}.Debug|Mixed Platforms.Build.0 = Debug|Win32
		{003A4369-C28C-41BB-B756-D8105DCF8872}.Debug|Win32.ActiveCfg = Debug|Win32
		{003A4369-C28C-41BB-B756-D8105DCF8872}.Debug|Win32.Build.0 = Debug|Win32
		{003A4369-C28C-41BB-B756-D8105DCF8872}.Debug|x64.ActiveCfg = Debug|x64
		{003A4369-C28C-41BB-B756-D8105DCF8872}.Debug|x64.Build.0 = Debug|x64
		{003A4369-C28C-41BB-B756-D8105DCF8872}.Release|Mixed Platforms.ActiveCfg = Release|Win32
		{003A4369-C28C-41BB-B756-D8105DCF8872}.Release|Mixed Platforms.Build.0 = Release|Win32
		{003A4369-C28C-41BB-B756-D8105DCF8872}.Release|Win32.ActiveCfg = Release|Win32
		{003A4369-C28C-41BB-B756-D8105DCF8872}.Release|Win32.Build.0 = Release|Win32
		{003A4369-C28C-41BB-B756-D8105DCF8872}.Release|x64.ActiveCfg = Release|x64
		{003A4369-C28C-41BB-B756-D8105DCF8872}.Release|x64.Build.0 = Release|x64
		{1A75EACE-4D88-4FAB-98CD-B5C6C718580A}.Debug|Mixed Platforms.ActiveCfg = Debug|Win32
		{1A75EACE-4D88-4FAB-98CD-B5C6C718580A}.Debug|Mixed Platforms.Build.0 = Debug|Win32
		{1A75EACE-4D88-4FAB-98CD-B5C6C718580A}.Debug|Win32.ActiveCfg = Debug|Win32
		{1A75EACE-4D88-4FAB-98CD-B5C6C718580A}.Debug|Win32.Build.0 = Debug|Win32
		{1A75EACE-4D88-4FAB-98CD-B5C6C718580A}.Debug|x64.ActiveCfg = Debug|x64
		{1A75EACE-4D88-4FAB-98CD-B5C6C718580A}.Debug|x64.Build.0 = Debug|x64
		{1A75EACE-4D88-4FAB-98CD-B5C6C718580A}.Release|Mixed Platforms.ActiveCfg = Release|Win32
		{1A75EACE-4D88-4FAB-98CD-B5C6C718580A}.Release|Mixed Platforms.Build.0 = Release|Win32
		{1A75EACE-4D88-4FAB-98CD-B5C6C718580A}.Release|Win32.ActiveCfg = Release|Win32
		{1A75EACE-4D88-4FAB-98CD-B5C6C718580A}.Release|Win32.Build.0 = Release|Win32
		{1A75EACE-4D88-4FAB-98CD-B5C6C718580A}.Release|x64.ActiveCfg = Release|x64
		{1A75EACE-4D88-4FAB-98CD-B5C6C718580A}.Release|x64.Build.0 = Release|x64
		{6B6DAF78-FF4B-4664-8283-0484724432D7}.Debug|Mixed Platforms.ActiveCfg = Debug|Win32
		{6B6DAF78-FF4B-4664-8283-0484724432D7}.Debug|Mixed Platforms.Build.0 = Debug|Win32
		{6B6DAF78-FF4B-4664-8283-0484724432D7}.Debug|Win32.ActiveCfg = Debug|Win32
		{6B6DAF78-FF4B-4664-8283-0484724432D7}.Debug|Win32.Build.0 = Debug|Win32
		{6B6DAF78-FF4B-4664-8283-0484724432D7}.Debug|x64.ActiveCfg = Debug|x64
		{6B6DAF78-FF4B-4664-8283-0484724432D7}.Debug|x64.Build.0 = Debug|x64
		{6B6DAF78-FF4B-4664-8283-0484724432D7}.Release|Mixed Platforms.ActiveCfg = Release|Win32
		{6B6DAF78-FF4B-4664-8283-0484724432D7}.Release|Mixed Platforms.Build.0 = Release|Win32
		{6B6DAF78-FF4B-4664-8283-0484724432D7}.Release|Win32.ActiveCfg = Release|Win32
		{6B6DAF78-FF4B-4664-8283-0484724432D7}.Release|Win32.Build.0 = Release|Win32
		{6B6DAF78-FF4B-4664-8283-0484724432D7}.Release|x64.ActiveCfg = Release|x64
		{6B6DAF78-FF4B-4664-8283-0484724432D7}.Release|x64.Build.0 = Release|x64
		{FE31771F-7740-4625-B0DE-3242E8F5F3C5}.Debug|Mixed Platforms.ActiveCfg = Debug|Win32
		{FE31771F-7740-4625-B0DE-3242E8F5F3C5}.Debug|Mixed Platforms.Build.0 = Debug|Win32
		{FE31771F-7740-4625-B0DE-3242E8F5F3C5}.Debug|Win32.ActiveCfg = Debug|Win32
		{FE31771F-7740-4625-B0DE-3242E8F5F3C5}.Debug|Win32.Build.0 = Debug|Win32
		{FE31771F-7740-4625-B0DE-3242E8F5F3C5}.Debug|x64.ActiveCfg = Debug|x64
		{FE31771F-7740-4625-B0DE-3242E8F5F3C5}.Debug|x64.Build.0 = Debug|x64
		{FE31771F-7740-4625-B0DE-3242E8F5F3C5}.Release|Mixed Platforms.ActiveCfg = Release|Win32
		{FE31771F-7740-4625-B0DE-3242E8F5F3C5}.Release|Mixed Platforms.Build.0 = Release|Win32
		{FE31771F-7740-4625-B0DE-3242E8F5F3C5}.Release|Win32.ActiveCfg = Release|Win32
		{FE31771F-7740-4625-B0DE-3242E8F5F3C5}.Release|Win32.Build.0 = Release|Win32
		{FE31771F-7740-4625-B0DE-3242E8F5F3C5}.Release|x64.ActiveCfg = Release|x64
		{FE31771F-7740-4625-B0DE-3242E8F5F3C5}.Release|x64.Build.0 = Release|x64
		{07AAB2FA-3BA0-4E15-8CC9-FA4CA50D6104}.Debug|Mixed Platforms.ActiveCfg = Debug|Win32
		{07AAB2FA-3BA0-4E15-8CC9-FA4CA50D6104}.Debug|Mixed Platforms.Build.0 = Debug|Win32
		{07AAB2FA-3BA0-4E15-8CC9-FA4CA50D6104}.Debug|Win32.ActiveCfg = Debug|Win32
		{07AAB2FA-3BA0-4E15-8CC9-FA4CA50D6104}.Debug|Win32.Build.0 = Debug|Win32
		{07AAB2FA-3BA0-4E15-8CC9-FA4CA50D6104}.Debug|x64.ActiveCfg = Debug|x64
		{07AAB2FA-3BA0-4E15-8CC9-FA4CA50D6104}.Debug|x64.Build.0 = Debug|x64
		{07AAB2FA-3BA0-4E15-8CC9-FA4CA50D6104}.Release|Mixed Platforms.ActiveCfg = Release|Win32
		{07AAB2FA-3BA0-4E15-8CC9-FA4CA50D6104}.Release|Mixed Platforms.Build.0 = Release|Win32
		{07AAB2FA-3BA0-4E15-8CC9-FA4CA50D6104}.Release|Win32.ActiveCfg = Release|Win32
		{07AAB2FA-3BA0-4E15-8CC9-FA4CA50D6104}.Release|Win32.Build.0 = Release|Win32
		{07AAB2FA-3BA0-4E15-8CC9-FA4CA50D6104}.Release|x64.ActiveCfg = Release|x64
		{07AAB2FA-3BA0-4E15-8CC9-FA4CA50D6104}.Release|x64.Build.0 = Release|x64
		{22BDB237-6DF8-44E9-96DC-D0E0D4B668A6}.Debug|Mixed Platforms.ActiveCfg = Debug|Win32
		{22BDB237-6DF8-44E9-96DC-D0E0D4B668A6}.Debug|Mixed Platforms.Build.0 = Debug|Win32
		{22BDB237-6DF8-44E9-96DC-D0E0D4B668A6}.Debug|Win32.ActiveCfg = Debug|Win32
		{22BDB237-6DF8-44E9-96DC-D0E0D4B668A6}.Debug|Win32.Build.0 = Debug|Win32
		{22BDB237-6DF8-44E9-96DC-D0E0D4B668A6}.Debug|x64.ActiveCfg = Debug|x64
		{22BDB237-6DF8-44E9-96DC-D0E0D4B668A6}.Debug|x64.Build.0 = Debug|x64
		{22BDB237-6DF8-44E9-96DC-D0E0D4B668A6}.Release|Mixed Platforms.ActiveCfg = Release|Win32
		{22BDB237-6DF8-44E9-96DC-D0E0D4B668A6}.Release|Mixed Platforms.Build.0 = Release|Win32
		{22BDB237-6DF8-44E9-96DC-D0E0D4B668A6}.Release|Win32.ActiveCfg = Release|Win32
		{22BDB237-6DF8-44E9-96DC-D0E0D4B668A6}.Release|Win32.Build.0 = Release|Win32
		{22BDB237-6DF8-44E9-96DC-D0E0D4B668A6}.Release|x64.ActiveCfg = Release|x64
		{22BDB237-6DF8-44E9-96DC-D0E0D4B668A6}.Release|x64.Build.0 = Release|x64
		{88264CFB-9540-4158-A9C1-BC95768101ED}.Debug|Mixed Platforms.ActiveCfg = Debug|Win32
		{88264CFB-9540-4158-A9C1-BC95768101ED}.Debug|Mixed Platforms.Build.0 = Debug|Win32
		{88264CFB-9540-4158-A9C1-BC95768101ED}.Debug|Win32.ActiveCfg = Debug|Win32
		{88264CFB-9540-4158-A9C1-BC95768101ED}.Debug|Win32.Build.0 = Debug|Win32
		{88264CFB-9540-4158-A9C1-BC95768101ED}.Debug|x64.ActiveCfg = Debug|x64
		{88264CFB-9540-4158-A9C1-BC95768101ED}.Debug|x64.Build.0 = Debug|x64
		{88264CFB-9540-4158-A9C1-BC95768101ED}.Release|Mixed Platforms.ActiveCfg = Release|Win32
		{88264CFB-9540-4158-A9C1-BC95768101ED}.Release|Mixed Platforms.Build.0 = Release|Win32
		{88264CFB-9540-4158-A9C1-BC95768101ED}.Release|Win32.ActiveCfg = Release|Win32
		{88264CFB-9540-4158-A9C1-BC95768101ED}.Release|Win32.Build.0 = Release|Win32
		{88264CFB-9540-4158-A9C1-BC95768101ED}.Release|x64.ActiveCfg = Release|x64
		{88264CFB-9540-4158-A9C1-BC95768101ED}.Release|x64.Build.0 = Release|x64
	EndGlobalSection
	GlobalSection(SolutionProperties) = preSolution
		HideSolutionNode = FALSE
	EndGlobalSection
EndGlobal
