<?xml version="1.0" encoding="utf-8"?>
<Project ToolsVersion="4.0" xmlns="http://schemas.microsoft.com/developer/msbuild/2003">
  <ItemGroup>
    <Text Include="ReadMe.txt" />
  </ItemGroup>
  <ItemGroup>
    <ClInclude Include="stdafx.h" />
    <ClInclude Include="targetver.h" />
    <ClInclude Include="ToStringVisitor.h" />
    <ClInclude Include="NFABuilderVisitor.h" />
    <ClInclude Include="DFABuilder.h" />
    <ClInclude Include="NFA.h" />
    <ClInclude Include="NFABuilderVisitorV2.h" />
  </ItemGroup>
  <ItemGroup>
    <ClCompile Include="stdafx.cpp" />
    <ClCompile Include="TestApp.cpp" />
    <ClCompile Include="ToStringVisitor.cpp" />
    <ClCompile Include="NFABuilderVisitor.cpp" />
    <ClCompile Include="NFABuilderVisitorV2.cpp" />
  </ItemGroup>
</Project>