<?xml version="1.0" encoding="utf-8"?>
<Project ToolsVersion="4.0" xmlns="http://schemas.microsoft.com/developer/msbuild/2003">
  <ItemGroup>
    <Text Include="ReadMe.txt" />
  </ItemGroup>
  <ItemGroup>
    <ClInclude Include="stdafx.h" />
    <ClInclude Include="targetver.h" />
    <ClInclude Include="Grammar.h" />
    <ClInclude Include="Token.h" />
    <ClInclude Include="ParserHandler.H" />
    <ClInclude Include="Parser.h" />
    <ClInclude Include="SyntaxTreeBuilder.h" />
  </ItemGroup>
  <ItemGroup>
    <ClCompile Include="stdafx.cpp" />
    <ClCompile Include="TestApp.cpp" />
    <ClCompile Include="Grammar.cpp" />
    <ClCompile Include="Parser.cpp" />
    <ClCompile Include="SyntaxTreeBuilder.cpp" />
  </ItemGroup>
</Project>